
Microsoft Visual Studio Solution File, Format Version 12.00
# Visual Studio Version 16
VisualStudioVersion = 16.0.30804.86
MinimumVisualStudioVersion = 10.0.40219.1
Project("{FAE04EC0-301F-11D3-BF4B-00C04F79EFBC}") = "AreaCalculator", "AreaCalculator\AreaCalculator.csproj", "{B8B90BBA-A232-42D3-BFE3-3E511A7B1CB5}"
EndProject
Project("{FAE04EC0-301F-11D3-BF4B-00C04F79EFBC}") = "AreaCalculatorTests", "AreaCalculatorTests\AreaCalculatorTests.csproj", "{453290D4-0338-401F-93F8-43C286D17B06}"
EndProject
Global
	GlobalSection(SolutionConfigurationPlatforms) = preSolution
		Debug|Any CPU = Debug|Any CPU
		Release|Any CPU = Release|Any CPU
	EndGlobalSection
	GlobalSection(ProjectConfigurationPlatforms) = postSolution
		{B8B90BBA-A232-42D3-BFE3-3E511A7B1CB5}.Debug|Any CPU.ActiveCfg = Debug|Any CPU
		{B8B90BBA-A232-42D3-BFE3-3E511A7B1CB5}.Debug|Any CPU.Build.0 = Debug|Any CPU
		{B8B90BBA-A232-42D3-BFE3-3E511A7B1CB5}.Release|Any CPU.ActiveCfg = Release|Any CPU
		{B8B90BBA-A232-42D3-BFE3-3E511A7B1CB5}.Release|Any CPU.Build.0 = Release|Any CPU
		{453290D4-0338-401F-93F8-43C286D17B06}.Debug|Any CPU.ActiveCfg = Debug|Any CPU
		{453290D4-0338-401F-93F8-43C286D17B06}.Debug|Any CPU.Build.0 = Debug|Any CPU
		{453290D4-0338-401F-93F8-43C286D17B06}.Release|Any CPU.ActiveCfg = Release|Any CPU
		{453290D4-0338-401F-93F8-43C286D17B06}.Release|Any CPU.Build.0 = Release|Any CPU
	EndGlobalSection
	GlobalSection(SolutionProperties) = preSolution
		HideSolutionNode = FALSE
	EndGlobalSection
	GlobalSection(ExtensibilityGlobals) = postSolution
		SolutionGuid = {5142140A-77CF-4FFF-80CA-49F6E9AC73D4}
	EndGlobalSection
EndGlobal
